
Microsoft Visual Studio Solution File, Format Version 12.00
# Visual Studio Version 16
VisualStudioVersion = 16.0.30320.27
MinimumVisualStudioVersion = 10.0.40219.1
Project("{FAE04EC0-301F-11D3-BF4B-00C04F79EFBC}") = "TicTacToe", "TicTacToe\TicTacToe.csproj", "{D9B388EF-8233-413D-A336-E5E3C278A6D3}"
EndProject
Global
	GlobalSection(SolutionConfigurationPlatforms) = preSolution
		Debug|Any CPU = Debug|Any CPU
		Release|Any CPU = Release|Any CPU
	EndGlobalSection
	GlobalSection(ProjectConfigurationPlatforms) = postSolution
		{D9B388EF-8233-413D-A336-E5E3C278A6D3}.Debug|Any CPU.ActiveCfg = Debug|Any CPU
		{D9B388EF-8233-413D-A336-E5E3C278A6D3}.Debug|Any CPU.Build.0 = Debug|Any CPU
		{D9B388EF-8233-413D-A336-E5E3C278A6D3}.Release|Any CPU.ActiveCfg = Release|Any CPU
		{D9B388EF-8233-413D-A336-E5E3C278A6D3}.Release|Any CPU.Build.0 = Release|Any CPU
	EndGlobalSection
	GlobalSection(SolutionProperties) = preSolution
		HideSolutionNode = FALSE
	EndGlobalSection
	GlobalSection(ExtensibilityGlobals) = postSolution
		SolutionGuid = {0D1ED878-90AC-4799-B615-1E194AEA0840}
	EndGlobalSection
EndGlobal
